
Microsoft Visual Studio Solution File, Format Version 12.00
# Visual Studio Version 16
VisualStudioVersion = 16.0.30225.117
MinimumVisualStudioVersion = 10.0.40219.1
Project("{FAE04EC0-301F-11D3-BF4B-00C04F79EFBC}") = "WriteableBitmap类", "WriteableBitmap\WriteableBitmap类.csproj", "{44BB2C2F-6090-4042-A6C2-797DCF3B4A36}"
EndProject
Project("{FAE04EC0-301F-11D3-BF4B-00C04F79EFBC}") = "绘制可视化对象", "绘制可视化对象\绘制可视化对象.csproj", "{4F6C4258-91F1-4E20-83EE-4C76AA41ED23}"
EndProject
Project("{FAE04EC0-301F-11D3-BF4B-00C04F79EFBC}") = "Unity3", "Unity3\Unity3.csproj", "{C432D3AB-7357-43DB-A91A-25641E7D7F4C}"
EndProject
Project("{FAE04EC0-301F-11D3-BF4B-00C04F79EFBC}") = "GDI+", "GDI+\GDI+.csproj", "{EEEC27E0-E735-4037-A737-ABD478253900}"
EndProject
Project("{FAE04EC0-301F-11D3-BF4B-00C04F79EFBC}") = "WindowsFormsApp1", "WindowsFormsApp1\WindowsFormsApp1.csproj", "{530F1C67-F4F8-4B98-9588-662E483FFE9B}"
EndProject
Global
	GlobalSection(SolutionConfigurationPlatforms) = preSolution
		Debug|Any CPU = Debug|Any CPU
		Release|Any CPU = Release|Any CPU
	EndGlobalSection
	GlobalSection(ProjectConfigurationPlatforms) = postSolution
		{44BB2C2F-6090-4042-A6C2-797DCF3B4A36}.Debug|Any CPU.ActiveCfg = Debug|Any CPU
		{44BB2C2F-6090-4042-A6C2-797DCF3B4A36}.Debug|Any CPU.Build.0 = Debug|Any CPU
		{44BB2C2F-6090-4042-A6C2-797DCF3B4A36}.Release|Any CPU.ActiveCfg = Release|Any CPU
		{44BB2C2F-6090-4042-A6C2-797DCF3B4A36}.Release|Any CPU.Build.0 = Release|Any CPU
		{4F6C4258-91F1-4E20-83EE-4C76AA41ED23}.Debug|Any CPU.ActiveCfg = Debug|Any CPU
		{4F6C4258-91F1-4E20-83EE-4C76AA41ED23}.Debug|Any CPU.Build.0 = Debug|Any CPU
		{4F6C4258-91F1-4E20-83EE-4C76AA41ED23}.Release|Any CPU.ActiveCfg = Release|Any CPU
		{4F6C4258-91F1-4E20-83EE-4C76AA41ED23}.Release|Any CPU.Build.0 = Release|Any CPU
		{C432D3AB-7357-43DB-A91A-25641E7D7F4C}.Debug|Any CPU.ActiveCfg = Debug|Any CPU
		{C432D3AB-7357-43DB-A91A-25641E7D7F4C}.Debug|Any CPU.Build.0 = Debug|Any CPU
		{C432D3AB-7357-43DB-A91A-25641E7D7F4C}.Release|Any CPU.ActiveCfg = Release|Any CPU
		{C432D3AB-7357-43DB-A91A-25641E7D7F4C}.Release|Any CPU.Build.0 = Release|Any CPU
		{EEEC27E0-E735-4037-A737-ABD478253900}.Debug|Any CPU.ActiveCfg = Debug|Any CPU
		{EEEC27E0-E735-4037-A737-ABD478253900}.Debug|Any CPU.Build.0 = Debug|Any CPU
		{EEEC27E0-E735-4037-A737-ABD478253900}.Release|Any CPU.ActiveCfg = Release|Any CPU
		{EEEC27E0-E735-4037-A737-ABD478253900}.Release|Any CPU.Build.0 = Release|Any CPU
		{530F1C67-F4F8-4B98-9588-662E483FFE9B}.Debug|Any CPU.ActiveCfg = Debug|Any CPU
		{530F1C67-F4F8-4B98-9588-662E483FFE9B}.Debug|Any CPU.Build.0 = Debug|Any CPU
		{530F1C67-F4F8-4B98-9588-662E483FFE9B}.Release|Any CPU.ActiveCfg = Release|Any CPU
		{530F1C67-F4F8-4B98-9588-662E483FFE9B}.Release|Any CPU.Build.0 = Release|Any CPU
	EndGlobalSection
	GlobalSection(SolutionProperties) = preSolution
		HideSolutionNode = FALSE
	EndGlobalSection
	GlobalSection(ExtensibilityGlobals) = postSolution
		SolutionGuid = {AB9E2686-EF94-458C-9E8B-AA4DC67500E1}
	EndGlobalSection
EndGlobal
